lockVersion: 2.0.0
id: d8d99d77-458e-40ca-a11e-7665d8842075
management:
  docChecksum: e48d6a1a397b849bd14e9d6022d8c7bc
  docVersion: 1.0.0
  speakeasyVersion: 1.289.0
  generationVersion: 2.331.0
  releaseVersion: 0.0.1
  configChecksum: 0d65c10e155abb54527ee61aafd195fc
features:
  typescript:
    additionalDependencies: 0.1.0
    constsAndDefaults: 0.1.5
    core: 3.9.4
    flattening: 2.81.1
    globalSecurity: 2.82.9
    globalSecurityCallbacks: 0.1.0
    globalSecurityFlattening: 0.1.0
    globalServerURLs: 2.82.4
    responseFormat: 0.2.3
    sdkHooks: 0.1.0
generatedFiles:
  - src/sdk/sdk.ts
  - .eslintrc.js
  - .npmignore
  - RUNTIMES.md
  - jsr.json
  - package.json
  - src/index.ts
  - src/lib/base64.ts
  - src/lib/config.ts
  - src/lib/encodings.ts
  - src/lib/http.ts
  - src/lib/retries.ts
  - src/lib/schemas.ts
  - src/lib/sdks.ts
  - src/lib/security.ts
  - src/lib/url.ts
  - src/sdk/index.ts
  - src/models/errors/sdkerror.ts
  - src/models/errors/sdkvalidationerror.ts
  - src/types/blobs.ts
  - src/types/index.ts
  - src/types/operations.ts
  - src/types/rfcdate.ts
  - tsconfig.json
  - src/models/operations/getanimals.ts
  - src/models/operations/postanimals.ts
  - src/models/operations/getanimalsanimalid.ts
  - src/models/operations/putanimalsanimalid.ts
  - src/models/operations/deleteanimalsanimalid.ts
  - src/models/operations/getbreeds.ts
  - src/models/operations/postbreeds.ts
  - src/models/operations/getbreedsbreedid.ts
  - src/models/operations/putbreedsbreedid.ts
  - src/models/operations/deletebreedsbreedid.ts
  - src/models/operations/getcustomers.ts
  - src/models/operations/postcustomers.ts
  - src/models/operations/getcustomerscustomerid.ts
  - src/models/operations/putcustomerscustomerid.ts
  - src/models/operations/deletecustomerscustomerid.ts
  - src/models/operations/getcustomerscustomeridanimals.ts
  - src/models/operations/getanimalsanimalidnotes.ts
  - src/models/operations/getnotes.ts
  - src/models/operations/postnotes.ts
  - src/models/operations/getnotesnoteid.ts
  - src/models/operations/putnotesnoteid.ts
  - src/models/operations/deletenotesnoteid.ts
  - src/models/operations/getusers.ts
  - src/models/operations/postusers.ts
  - src/models/operations/getusersuserid.ts
  - src/models/operations/putusersuserid.ts
  - src/models/operations/deleteusersuserid.ts
  - src/models/operations/getsearch.ts
  - src/models/components/animal.ts
  - src/models/components/httpmetadata.ts
  - src/models/components/breed.ts
  - src/models/components/customer.ts
  - src/models/components/note.ts
  - src/models/components/user.ts
  - src/models/components/security.ts
  - src/models/errors/unauthorizederror.ts
  - src/models/errors/badrequesterror.ts
  - src/models/errors/notfounderror.ts
  - src/models/errors/index.ts
  - src/models/operations/index.ts
  - src/models/components/index.ts
  - docs/models/operations/getanimalsrequest.md
  - docs/models/operations/getanimalsresponse.md
  - docs/models/operations/postanimalsresponse.md
  - docs/models/operations/getanimalsanimalidrequest.md
  - docs/models/operations/getanimalsanimalidresponse.md
  - docs/models/operations/putanimalsanimalidrequest.md
  - docs/models/operations/putanimalsanimalidresponse.md
  - docs/models/operations/deleteanimalsanimalidrequest.md
  - docs/models/operations/deleteanimalsanimalidresponse.md
  - docs/models/operations/getbreedsrequest.md
  - docs/models/operations/getbreedsresponse.md
  - docs/models/operations/postbreedsresponse.md
  - docs/models/operations/getbreedsbreedidrequest.md
  - docs/models/operations/getbreedsbreedidresponse.md
  - docs/models/operations/putbreedsbreedidrequest.md
  - docs/models/operations/putbreedsbreedidresponse.md
  - docs/models/operations/deletebreedsbreedidrequest.md
  - docs/models/operations/deletebreedsbreedidresponse.md
  - docs/models/operations/getcustomersrequest.md
  - docs/models/operations/getcustomersresponse.md
  - docs/models/operations/postcustomersresponse.md
  - docs/models/operations/getcustomerscustomeridrequest.md
  - docs/models/operations/getcustomerscustomeridresponse.md
  - docs/models/operations/putcustomerscustomeridrequest.md
  - docs/models/operations/putcustomerscustomeridresponse.md
  - docs/models/operations/deletecustomerscustomeridrequest.md
  - docs/models/operations/deletecustomerscustomeridresponse.md
  - docs/models/operations/getcustomerscustomeridanimalsrequest.md
  - docs/models/operations/getcustomerscustomeridanimalsresponse.md
  - docs/models/operations/getanimalsanimalidnotesrequest.md
  - docs/models/operations/getanimalsanimalidnotesresponse.md
  - docs/models/operations/getnotesrequest.md
  - docs/models/operations/getnotesresponse.md
  - docs/models/operations/postnotesresponse.md
  - docs/models/operations/getnotesnoteidrequest.md
  - docs/models/operations/getnotesnoteidresponse.md
  - docs/models/operations/putnotesnoteidrequest.md
  - docs/models/operations/putnotesnoteidresponse.md
  - docs/models/operations/deletenotesnoteidrequest.md
  - docs/models/operations/deletenotesnoteidresponse.md
  - docs/models/operations/getusersresponse.md
  - docs/models/operations/postusersresponse.md
  - docs/models/operations/getusersuseridrequest.md
  - docs/models/operations/getusersuseridresponse.md
  - docs/models/operations/putusersuseridrequest.md
  - docs/models/operations/putusersuseridresponse.md
  - docs/models/operations/deleteusersuseridrequest.md
  - docs/models/operations/deleteusersuseridresponse.md
  - docs/models/operations/getsearchrequest.md
  - docs/models/operations/responsebody.md
  - docs/models/operations/getsearchresponse.md
  - docs/models/components/sex.md
  - docs/types/rfcdate.md
  - docs/models/components/animal.md
  - docs/models/components/httpmetadata.md
  - docs/models/components/breed.md
  - docs/models/components/customer.md
  - docs/models/components/note.md
  - docs/models/components/user.md
  - docs/models/components/security.md
  - docs/models/errors/unauthorizederror.md
  - docs/models/errors/badrequesterror.md
  - docs/models/errors/notfounderror.md
  - docs/sdks/ppdb/README.md
  - USAGE.md
  - .gitattributes
  - src/hooks/hooks.ts
  - src/hooks/types.ts
  - src/hooks/index.ts
